
Microsoft Visual Studio Solution File, Format Version 12.00
# Visual Studio Version 17
VisualStudioVersion = 17.13.35919.96 d17.13
MinimumVisualStudioVersion = 10.0.40219.1
Project("{FAE04EC0-301F-11D3-BF4B-00C04F79EFBC}") = "Lista_15", "Lista_15.csproj", "{5AA7ACFB-7131-4C80-ABD7-4111973E1CFA}"
EndProject
Global
	GlobalSection(SolutionConfigurationPlatforms) = preSolution
		Debug|Any CPU = Debug|Any CPU
		Release|Any CPU = Release|Any CPU
	EndGlobalSection
	GlobalSection(ProjectConfigurationPlatforms) = postSolution
		{5AA7ACFB-7131-4C80-ABD7-4111973E1CFA}.Debug|Any CPU.ActiveCfg = Debug|Any CPU
		{5AA7ACFB-7131-4C80-ABD7-4111973E1CFA}.Debug|Any CPU.Build.0 = Debug|Any CPU
		{5AA7ACFB-7131-4C80-ABD7-4111973E1CFA}.Release|Any CPU.ActiveCfg = Release|Any CPU
		{5AA7ACFB-7131-4C80-ABD7-4111973E1CFA}.Release|Any CPU.Build.0 = Release|Any CPU
	EndGlobalSection
	GlobalSection(SolutionProperties) = preSolution
		HideSolutionNode = FALSE
	EndGlobalSection
	GlobalSection(ExtensibilityGlobals) = postSolution
		SolutionGuid = {168902BA-F266-4414-9EA4-4A0191AFA1C5}
	EndGlobalSection
EndGlobal
