
Microsoft Visual Studio Solution File, Format Version 12.00
# Visual Studio Version 17
VisualStudioVersion = 17.13.35919.96 d17.13
MinimumVisualStudioVersion = 10.0.40219.1
Project("{FAE04EC0-301F-11D3-BF4B-00C04F79EFBC}") = "TrabalhoSenai", "TrabalhoSenai.csproj", "{F203C7B4-99A8-4743-A082-FD1AA066DC44}"
EndProject
Global
	GlobalSection(SolutionConfigurationPlatforms) = preSolution
		Debug|Any CPU = Debug|Any CPU
		Release|Any CPU = Release|Any CPU
	EndGlobalSection
	GlobalSection(ProjectConfigurationPlatforms) = postSolution
		{F203C7B4-99A8-4743-A082-FD1AA066DC44}.Debug|Any CPU.ActiveCfg = Debug|Any CPU
		{F203C7B4-99A8-4743-A082-FD1AA066DC44}.Debug|Any CPU.Build.0 = Debug|Any CPU
		{F203C7B4-99A8-4743-A082-FD1AA066DC44}.Release|Any CPU.ActiveCfg = Release|Any CPU
		{F203C7B4-99A8-4743-A082-FD1AA066DC44}.Release|Any CPU.Build.0 = Release|Any CPU
	EndGlobalSection
	GlobalSection(SolutionProperties) = preSolution
		HideSolutionNode = FALSE
	EndGlobalSection
	GlobalSection(ExtensibilityGlobals) = postSolution
		SolutionGuid = {48C0E468-9450-4886-8CDF-7094FA7C51F5}
	EndGlobalSection
EndGlobal
